
Microsoft Visual Studio Solution File, Format Version 12.00
# Visual Studio Version 17
VisualStudioVersion = 17.10.34928.147
MinimumVisualStudioVersion = 10.0.40219.1
Project("{FAE04EC0-301F-11D3-BF4B-00C04F79EFBC}") = "CSharpTask310072024", "CSharpTask310072024.csproj", "{C29F2E9D-B6F8-4799-856B-491CAB05880B}"
EndProject
Global
	GlobalSection(SolutionConfigurationPlatforms) = preSolution
		Debug|Any CPU = Debug|Any CPU
		Release|Any CPU = Release|Any CPU
	EndGlobalSection
	GlobalSection(ProjectConfigurationPlatforms) = postSolution
		{C29F2E9D-B6F8-4799-856B-491CAB05880B}.Debug|Any CPU.ActiveCfg = Debug|Any CPU
		{C29F2E9D-B6F8-4799-856B-491CAB05880B}.Debug|Any CPU.Build.0 = Debug|Any CPU
		{C29F2E9D-B6F8-4799-856B-491CAB05880B}.Release|Any CPU.ActiveCfg = Release|Any CPU
		{C29F2E9D-B6F8-4799-856B-491CAB05880B}.Release|Any CPU.Build.0 = Release|Any CPU
	EndGlobalSection
	GlobalSection(SolutionProperties) = preSolution
		HideSolutionNode = FALSE
	EndGlobalSection
	GlobalSection(ExtensibilityGlobals) = postSolution
		SolutionGuid = {78EF0190-0D14-4D53-89B8-16E8D1C61C92}
	EndGlobalSection
EndGlobal
