
Microsoft Visual Studio Solution File, Format Version 12.00
# Visual Studio Version 17
VisualStudioVersion = 17.10.34928.147
MinimumVisualStudioVersion = 10.0.40219.1
Project("{FAE04EC0-301F-11D3-BF4B-00C04F79EFBC}") = "CSharpCodeFirst", "CSharpCodeFirst.csproj", "{762DAD75-0003-48F0-840D-D3F1A0E889F6}"
EndProject
Global
	GlobalSection(SolutionConfigurationPlatforms) = preSolution
		Debug|Any CPU = Debug|Any CPU
		Release|Any CPU = Release|Any CPU
	EndGlobalSection
	GlobalSection(ProjectConfigurationPlatforms) = postSolution
		{762DAD75-0003-48F0-840D-D3F1A0E889F6}.Debug|Any CPU.ActiveCfg = Debug|Any CPU
		{762DAD75-0003-48F0-840D-D3F1A0E889F6}.Debug|Any CPU.Build.0 = Debug|Any CPU
		{762DAD75-0003-48F0-840D-D3F1A0E889F6}.Release|Any CPU.ActiveCfg = Release|Any CPU
		{762DAD75-0003-48F0-840D-D3F1A0E889F6}.Release|Any CPU.Build.0 = Release|Any CPU
	EndGlobalSection
	GlobalSection(SolutionProperties) = preSolution
		HideSolutionNode = FALSE
	EndGlobalSection
	GlobalSection(ExtensibilityGlobals) = postSolution
		SolutionGuid = {09942136-A04E-4252-9210-D99A927D2EBC}
	EndGlobalSection
EndGlobal
