
Microsoft Visual Studio Solution File, Format Version 12.00
# Visual Studio Version 17
VisualStudioVersion = 17.10.34928.147
MinimumVisualStudioVersion = 10.0.40219.1
Project("{FAE04EC0-301F-11D3-BF4B-00C04F79EFBC}") = "CSharpTestMigration", "CSharpTestMigration.csproj", "{95E43EFC-8641-4463-92ED-B4994C1DD069}"
EndProject
Global
	GlobalSection(SolutionConfigurationPlatforms) = preSolution
		Debug|Any CPU = Debug|Any CPU
		Release|Any CPU = Release|Any CPU
	EndGlobalSection
	GlobalSection(ProjectConfigurationPlatforms) = postSolution
		{95E43EFC-8641-4463-92ED-B4994C1DD069}.Debug|Any CPU.ActiveCfg = Debug|Any CPU
		{95E43EFC-8641-4463-92ED-B4994C1DD069}.Debug|Any CPU.Build.0 = Debug|Any CPU
		{95E43EFC-8641-4463-92ED-B4994C1DD069}.Release|Any CPU.ActiveCfg = Release|Any CPU
		{95E43EFC-8641-4463-92ED-B4994C1DD069}.Release|Any CPU.Build.0 = Release|Any CPU
	EndGlobalSection
	GlobalSection(SolutionProperties) = preSolution
		HideSolutionNode = FALSE
	EndGlobalSection
	GlobalSection(ExtensibilityGlobals) = postSolution
		SolutionGuid = {AC7BDB05-8673-4636-9589-9DCB44E564CE}
	EndGlobalSection
EndGlobal
