
Microsoft Visual Studio Solution File, Format Version 12.00
# Visual Studio Version 17
VisualStudioVersion = 17.10.34928.147
MinimumVisualStudioVersion = 10.0.40219.1
Project("{FAE04EC0-301F-11D3-BF4B-00C04F79EFBC}") = "De1_06082024", "De1_06082024.csproj", "{851ED456-CC65-4842-B235-55A049524F75}"
EndProject
Global
	GlobalSection(SolutionConfigurationPlatforms) = preSolution
		Debug|Any CPU = Debug|Any CPU
		Release|Any CPU = Release|Any CPU
	EndGlobalSection
	GlobalSection(ProjectConfigurationPlatforms) = postSolution
		{851ED456-CC65-4842-B235-55A049524F75}.Debug|Any CPU.ActiveCfg = Debug|Any CPU
		{851ED456-CC65-4842-B235-55A049524F75}.Debug|Any CPU.Build.0 = Debug|Any CPU
		{851ED456-CC65-4842-B235-55A049524F75}.Release|Any CPU.ActiveCfg = Release|Any CPU
		{851ED456-CC65-4842-B235-55A049524F75}.Release|Any CPU.Build.0 = Release|Any CPU
	EndGlobalSection
	GlobalSection(SolutionProperties) = preSolution
		HideSolutionNode = FALSE
	EndGlobalSection
	GlobalSection(ExtensibilityGlobals) = postSolution
		SolutionGuid = {52976841-0BF8-439F-BB6E-1BC6822C515F}
	EndGlobalSection
EndGlobal
